
Microsoft Visual Studio Solution File, Format Version 12.00
# Visual Studio 15
VisualStudioVersion = 15.0.28010.2041
MinimumVisualStudioVersion = 10.0.40219.1
Project("{FAE04EC0-301F-11D3-BF4B-00C04F79EFBC}") = "Beat Saber Menu Tweaks", "Beat Saber Menu Tweaks\Beat Saber Menu Tweaks.csproj", "{7082FABC-1289-43BF-9F86-FB82400FCA29}"
EndProject
Global
	GlobalSection(SolutionConfigurationPlatforms) = preSolution
		Debug|Any CPU = Debug|Any CPU
		Release|Any CPU = Release|Any CPU
	EndGlobalSection
	GlobalSection(ProjectConfigurationPlatforms) = postSolution
		{7082FABC-1289-43BF-9F86-FB82400FCA29}.Debug|Any CPU.ActiveCfg = Debug|Any CPU
		{7082FABC-1289-43BF-9F86-FB82400FCA29}.Debug|Any CPU.Build.0 = Debug|Any CPU
		{7082FABC-1289-43BF-9F86-FB82400FCA29}.Release|Any CPU.ActiveCfg = Release|Any CPU
		{7082FABC-1289-43BF-9F86-FB82400FCA29}.Release|Any CPU.Build.0 = Release|Any CPU
	EndGlobalSection
	GlobalSection(SolutionProperties) = preSolution
		HideSolutionNode = FALSE
	EndGlobalSection
	GlobalSection(ExtensibilityGlobals) = postSolution
		SolutionGuid = {2864ECF3-35DC-4BCA-AF8E-A89D9A7084E9}
	EndGlobalSection
EndGlobal
